
Microsoft Visual Studio Solution File, Format Version 12.00
# Visual Studio Version 16
VisualStudioVersion = 16.0.30804.86
MinimumVisualStudioVersion = 10.0.40219.1
Project("{FAE04EC0-301F-11D3-BF4B-00C04F79EFBC}") = "NetDeveloperTest", "NetDeveloperTest\NetDeveloperTest.csproj", "{2DD483BC-2220-4401-A3BF-313D550FC952}"
EndProject
Global
	GlobalSection(SolutionConfigurationPlatforms) = preSolution
		Debug|Any CPU = Debug|Any CPU
		Release|Any CPU = Release|Any CPU
	EndGlobalSection
	GlobalSection(ProjectConfigurationPlatforms) = postSolution
		{2DD483BC-2220-4401-A3BF-313D550FC952}.Debug|Any CPU.ActiveCfg = Debug|Any CPU
		{2DD483BC-2220-4401-A3BF-313D550FC952}.Debug|Any CPU.Build.0 = Debug|Any CPU
		{2DD483BC-2220-4401-A3BF-313D550FC952}.Release|Any CPU.ActiveCfg = Release|Any CPU
		{2DD483BC-2220-4401-A3BF-313D550FC952}.Release|Any CPU.Build.0 = Release|Any CPU
	EndGlobalSection
	GlobalSection(SolutionProperties) = preSolution
		HideSolutionNode = FALSE
	EndGlobalSection
	GlobalSection(ExtensibilityGlobals) = postSolution
		SolutionGuid = {EDE34D28-CB3B-4843-80EC-71484E3D0900}
	EndGlobalSection
EndGlobal
